
Microsoft Visual Studio Solution File, Format Version 12.00
# Visual Studio Version 16
VisualStudioVersion = 16.0.31613.86
MinimumVisualStudioVersion = 10.0.40219.1
Project("{FAE04EC0-301F-11D3-BF4B-00C04F79EFBC}") = "Console App", "Console App\Console App.csproj", "{4456C955-6DD2-4BEC-A2E4-7155D752478D}"
EndProject
Global
	GlobalSection(SolutionConfigurationPlatforms) = preSolution
		Debug|Any CPU = Debug|Any CPU
		Release|Any CPU = Release|Any CPU
	EndGlobalSection
	GlobalSection(ProjectConfigurationPlatforms) = postSolution
		{4456C955-6DD2-4BEC-A2E4-7155D752478D}.Debug|Any CPU.ActiveCfg = Debug|Any CPU
		{4456C955-6DD2-4BEC-A2E4-7155D752478D}.Debug|Any CPU.Build.0 = Debug|Any CPU
		{4456C955-6DD2-4BEC-A2E4-7155D752478D}.Release|Any CPU.ActiveCfg = Release|Any CPU
		{4456C955-6DD2-4BEC-A2E4-7155D752478D}.Release|Any CPU.Build.0 = Release|Any CPU
	EndGlobalSection
	GlobalSection(SolutionProperties) = preSolution
		HideSolutionNode = FALSE
	EndGlobalSection
	GlobalSection(ExtensibilityGlobals) = postSolution
		SolutionGuid = {12650AD3-6531-465A-B546-3EBDEE97A78D}
	EndGlobalSection
EndGlobal
